
Microsoft Visual Studio Solution File, Format Version 12.00
# Visual Studio Version 17
VisualStudioVersion = 17.0.31903.59
MinimumVisualStudioVersion = 10.0.40219.1
Project("{FAE04EC0-301F-11D3-BF4B-00C04F79EFBC}") = "API", "API\API.csproj", "{71C1B41B-7E1E-45B7-9866-66156F349F79}"
EndProject
Project("{FAE04EC0-301F-11D3-BF4B-00C04F79EFBC}") = "Application", "Application\Application.csproj", "{ADA7F6E1-D126-411E-AD9C-A260DD62EE32}"
EndProject
Project("{FAE04EC0-301F-11D3-BF4B-00C04F79EFBC}") = "Domain", "Domain\Domain.csproj", "{B8690DC4-96A9-4DF3-8052-A7568BA7FB98}"
EndProject
Project("{FAE04EC0-301F-11D3-BF4B-00C04F79EFBC}") = "Persistence", "Persistence\Persistence.csproj", "{D9ACFCCA-0986-4C96-9FAB-E659D83E0597}"
EndProject
Global
	GlobalSection(SolutionConfigurationPlatforms) = preSolution
		Debug|Any CPU = Debug|Any CPU
		Release|Any CPU = Release|Any CPU
	EndGlobalSection
	GlobalSection(SolutionProperties) = preSolution
		HideSolutionNode = FALSE
	EndGlobalSection
	GlobalSection(ProjectConfigurationPlatforms) = postSolution
		{71C1B41B-7E1E-45B7-9866-66156F349F79}.Debug|Any CPU.ActiveCfg = Debug|Any CPU
		{71C1B41B-7E1E-45B7-9866-66156F349F79}.Debug|Any CPU.Build.0 = Debug|Any CPU
		{71C1B41B-7E1E-45B7-9866-66156F349F79}.Release|Any CPU.ActiveCfg = Release|Any CPU
		{71C1B41B-7E1E-45B7-9866-66156F349F79}.Release|Any CPU.Build.0 = Release|Any CPU
		{ADA7F6E1-D126-411E-AD9C-A260DD62EE32}.Debug|Any CPU.ActiveCfg = Debug|Any CPU
		{ADA7F6E1-D126-411E-AD9C-A260DD62EE32}.Debug|Any CPU.Build.0 = Debug|Any CPU
		{ADA7F6E1-D126-411E-AD9C-A260DD62EE32}.Release|Any CPU.ActiveCfg = Release|Any CPU
		{ADA7F6E1-D126-411E-AD9C-A260DD62EE32}.Release|Any CPU.Build.0 = Release|Any CPU
		{B8690DC4-96A9-4DF3-8052-A7568BA7FB98}.Debug|Any CPU.ActiveCfg = Debug|Any CPU
		{B8690DC4-96A9-4DF3-8052-A7568BA7FB98}.Debug|Any CPU.Build.0 = Debug|Any CPU
		{B8690DC4-96A9-4DF3-8052-A7568BA7FB98}.Release|Any CPU.ActiveCfg = Release|Any CPU
		{B8690DC4-96A9-4DF3-8052-A7568BA7FB98}.Release|Any CPU.Build.0 = Release|Any CPU
		{D9ACFCCA-0986-4C96-9FAB-E659D83E0597}.Debug|Any CPU.ActiveCfg = Debug|Any CPU
		{D9ACFCCA-0986-4C96-9FAB-E659D83E0597}.Debug|Any CPU.Build.0 = Debug|Any CPU
		{D9ACFCCA-0986-4C96-9FAB-E659D83E0597}.Release|Any CPU.ActiveCfg = Release|Any CPU
		{D9ACFCCA-0986-4C96-9FAB-E659D83E0597}.Release|Any CPU.Build.0 = Release|Any CPU
	EndGlobalSection
EndGlobal
